
Microsoft Visual Studio Solution File, Format Version 12.00
# Visual Studio Version 17
VisualStudioVersion = 17.1.31903.286
MinimumVisualStudioVersion = 10.0.40219.1
Project("{9A19103F-16F7-4668-BE54-9A1E7A4F7556}") = "PredictiveKeyboard", "PredictiveKeyboard\PredictiveKeyboard.csproj", "{24F103B7-F961-45A9-8F88-DD4E20D4FE53}"
EndProject
Project("{9A19103F-16F7-4668-BE54-9A1E7A4F7556}") = "PredictiveKeyboardLib", "PredictiveKeyboardLib\PredictiveKeyboardLib.csproj", "{C3FFE57F-A24E-4FFC-957D-F7BD663045B6}"
EndProject
Project("{2150E333-8FDC-42A3-9474-1A3956D46DE8}") = "Solution Items", "Solution Items", "{A828D88C-F1A9-4C57-890E-C0A7922922E6}"
	ProjectSection(SolutionItems) = preProject
		README.md = README.md
	EndProjectSection
EndProject
Global
	GlobalSection(SolutionConfigurationPlatforms) = preSolution
		Debug|Any CPU = Debug|Any CPU
		Release|Any CPU = Release|Any CPU
	EndGlobalSection
	GlobalSection(ProjectConfigurationPlatforms) = postSolution
		{24F103B7-F961-45A9-8F88-DD4E20D4FE53}.Debug|Any CPU.ActiveCfg = Debug|Any CPU
		{24F103B7-F961-45A9-8F88-DD4E20D4FE53}.Debug|Any CPU.Build.0 = Debug|Any CPU
		{24F103B7-F961-45A9-8F88-DD4E20D4FE53}.Release|Any CPU.ActiveCfg = Release|Any CPU
		{24F103B7-F961-45A9-8F88-DD4E20D4FE53}.Release|Any CPU.Build.0 = Release|Any CPU
		{C3FFE57F-A24E-4FFC-957D-F7BD663045B6}.Debug|Any CPU.ActiveCfg = Debug|Any CPU
		{C3FFE57F-A24E-4FFC-957D-F7BD663045B6}.Debug|Any CPU.Build.0 = Debug|Any CPU
		{C3FFE57F-A24E-4FFC-957D-F7BD663045B6}.Release|Any CPU.ActiveCfg = Release|Any CPU
		{C3FFE57F-A24E-4FFC-957D-F7BD663045B6}.Release|Any CPU.Build.0 = Release|Any CPU
	EndGlobalSection
	GlobalSection(SolutionProperties) = preSolution
		HideSolutionNode = FALSE
	EndGlobalSection
	GlobalSection(ExtensibilityGlobals) = postSolution
		SolutionGuid = {153E80CA-D980-4FFC-8F52-EC5133C9987A}
	EndGlobalSection
EndGlobal
